{
  "object": {
    "pins": [
      {
        "package": "YandexMapsMobileLite",
        "repositoryURL": "https://github.com/c-villain/YandexMapsMobileLite",
        "state": {
          "branch": null,
          "revision": "de436b4958b7fbf67252aa74a140dc7331d06f53",
          "version": "4.8.0"
        }
      }
    ]
  },
  "version": 1
}
