{
  "object": {
    "pins": [
      {
        "package": "YandexMapsMobileLite",
        "repositoryURL": "https://github.com/c-villain/YandexMapsMobileLite",
        "state": {
          "branch": null,
          "revision": "5c7878e3d0657fbedf70b3fc0295a84b93db4444",
          "version": "4.5.1"
        }
      }
    ]
  },
  "version": 1
}
